
Microsoft Visual Studio Solution File, Format Version 12.00
Project("{FAE04EC0-301F-11D3-BF4B-00C04F79EFBC}") = "Web", "Web\Web.csproj", "{FC92C815-06B6-48E8-90A4-CBD0E3244CBC}"
EndProject
Project("{2150E333-8FDC-42A3-9474-1A3956D46DE8}") = "src", "src", "{A4577DF4-0090-4E6A-9CD0-E2D64550C44E}"
EndProject
Project("{2150E333-8FDC-42A3-9474-1A3956D46DE8}") = "Presentation", "Presentation", "{F80E91B5-E82A-4060-96FB-9257015E3930}"
EndProject
Project("{2150E333-8FDC-42A3-9474-1A3956D46DE8}") = "Core", "Core", "{63F32A32-D5D0-4021-B9F3-2A91A42BD669}"
EndProject
Project("{2150E333-8FDC-42A3-9474-1A3956D46DE8}") = "Infrastructure", "Infrastructure", "{B9BA87A3-3C4B-4191-A1F9-531987E12388}"
EndProject
Project("{FAE04EC0-301F-11D3-BF4B-00C04F79EFBC}") = "Infrastructure", "Infrastructure\Infrastructure.csproj", "{6CB2C847-14A1-4C42-9DF7-1C4D439DACD0}"
EndProject
Project("{FAE04EC0-301F-11D3-BF4B-00C04F79EFBC}") = "Persistence", "Persistence\Persistence.csproj", "{BC8BDAA4-13F7-4DCE-8DCE-62F4B6EA9A4B}"
EndProject
Project("{FAE04EC0-301F-11D3-BF4B-00C04F79EFBC}") = "Application", "Application\Application.csproj", "{4373351D-2825-4E28-AD34-1846CA961B73}"
EndProject
Project("{FAE04EC0-301F-11D3-BF4B-00C04F79EFBC}") = "Domain", "Domain\Domain.csproj", "{FCDA267A-D03C-4FE7-B5A0-336D5321E829}"
EndProject
Global
	GlobalSection(SolutionConfigurationPlatforms) = preSolution
		Debug|Any CPU = Debug|Any CPU
		Release|Any CPU = Release|Any CPU
	EndGlobalSection
	GlobalSection(ProjectConfigurationPlatforms) = postSolution
		{FC92C815-06B6-48E8-90A4-CBD0E3244CBC}.Debug|Any CPU.ActiveCfg = Debug|Any CPU
		{FC92C815-06B6-48E8-90A4-CBD0E3244CBC}.Debug|Any CPU.Build.0 = Debug|Any CPU
		{FC92C815-06B6-48E8-90A4-CBD0E3244CBC}.Release|Any CPU.ActiveCfg = Release|Any CPU
		{FC92C815-06B6-48E8-90A4-CBD0E3244CBC}.Release|Any CPU.Build.0 = Release|Any CPU
		{6CB2C847-14A1-4C42-9DF7-1C4D439DACD0}.Debug|Any CPU.ActiveCfg = Debug|Any CPU
		{6CB2C847-14A1-4C42-9DF7-1C4D439DACD0}.Debug|Any CPU.Build.0 = Debug|Any CPU
		{6CB2C847-14A1-4C42-9DF7-1C4D439DACD0}.Release|Any CPU.ActiveCfg = Release|Any CPU
		{6CB2C847-14A1-4C42-9DF7-1C4D439DACD0}.Release|Any CPU.Build.0 = Release|Any CPU
		{BC8BDAA4-13F7-4DCE-8DCE-62F4B6EA9A4B}.Debug|Any CPU.ActiveCfg = Debug|Any CPU
		{BC8BDAA4-13F7-4DCE-8DCE-62F4B6EA9A4B}.Debug|Any CPU.Build.0 = Debug|Any CPU
		{BC8BDAA4-13F7-4DCE-8DCE-62F4B6EA9A4B}.Release|Any CPU.ActiveCfg = Release|Any CPU
		{BC8BDAA4-13F7-4DCE-8DCE-62F4B6EA9A4B}.Release|Any CPU.Build.0 = Release|Any CPU
		{4373351D-2825-4E28-AD34-1846CA961B73}.Debug|Any CPU.ActiveCfg = Debug|Any CPU
		{4373351D-2825-4E28-AD34-1846CA961B73}.Debug|Any CPU.Build.0 = Debug|Any CPU
		{4373351D-2825-4E28-AD34-1846CA961B73}.Release|Any CPU.ActiveCfg = Release|Any CPU
		{4373351D-2825-4E28-AD34-1846CA961B73}.Release|Any CPU.Build.0 = Release|Any CPU
		{FCDA267A-D03C-4FE7-B5A0-336D5321E829}.Debug|Any CPU.ActiveCfg = Debug|Any CPU
		{FCDA267A-D03C-4FE7-B5A0-336D5321E829}.Debug|Any CPU.Build.0 = Debug|Any CPU
		{FCDA267A-D03C-4FE7-B5A0-336D5321E829}.Release|Any CPU.ActiveCfg = Release|Any CPU
		{FCDA267A-D03C-4FE7-B5A0-336D5321E829}.Release|Any CPU.Build.0 = Release|Any CPU
	EndGlobalSection
	GlobalSection(NestedProjects) = preSolution
		{F80E91B5-E82A-4060-96FB-9257015E3930} = {A4577DF4-0090-4E6A-9CD0-E2D64550C44E}
		{FC92C815-06B6-48E8-90A4-CBD0E3244CBC} = {F80E91B5-E82A-4060-96FB-9257015E3930}
		{63F32A32-D5D0-4021-B9F3-2A91A42BD669} = {A4577DF4-0090-4E6A-9CD0-E2D64550C44E}
		{B9BA87A3-3C4B-4191-A1F9-531987E12388} = {A4577DF4-0090-4E6A-9CD0-E2D64550C44E}
		{6CB2C847-14A1-4C42-9DF7-1C4D439DACD0} = {B9BA87A3-3C4B-4191-A1F9-531987E12388}
		{BC8BDAA4-13F7-4DCE-8DCE-62F4B6EA9A4B} = {B9BA87A3-3C4B-4191-A1F9-531987E12388}
		{4373351D-2825-4E28-AD34-1846CA961B73} = {63F32A32-D5D0-4021-B9F3-2A91A42BD669}
		{FCDA267A-D03C-4FE7-B5A0-336D5321E829} = {63F32A32-D5D0-4021-B9F3-2A91A42BD669}
	EndGlobalSection
EndGlobal
